# THIS IS AN AUTOGENERATED FILE. DO NOT EDIT THIS FILE DIRECTLY.
# yarn lockfile v1


casbin-express-authz@2:
  version "2.0.0"
  resolved "https://registry.yarnpkg.com/casbin-express-authz/-/casbin-express-authz-2.0.0.tgz#50abeaa4183e7c02be30b3859b255e9e9c1b8581"
  integrity sha512-dw+d76JdtPZW8AY6smZBDThrrzcJNBzQqXpg0cFowg3MAyQIcc7r6EN0Qf7njqASD6b7RYrAJkaihQ4n3tEAVA==
  dependencies:
    casbin "^3.0.3"

casbin@3, casbin@^3.0.3:
  version "3.1.0"
  resolved "https://registry.yarnpkg.com/casbin/-/casbin-3.1.0.tgz#42e6a68bdf3ced355d4515155d0a67db7f525709"
  integrity sha512-Ryax5OMnAuFYzTouADap6Vj6kPwlYxsWajxpzgR07tenn+O49mzouO2BMFqR9LrGvPX0GyWWklWURTvYuF4pfw==
  dependencies:
    expression-eval "^2.0.0"
    ip "^1.1.5"
    lodash "^4.17.15"

expression-eval@^2.0.0:
  version "2.1.0"
  resolved "https://registry.yarnpkg.com/expression-eval/-/expression-eval-2.1.0.tgz#422915caa46140a7c5b5f248650dea8bf8236e62"
  integrity sha512-FUJO/Akvl/JOWkvlqZaqbkhsEWlCJWDeZG4tzX96UH68D9FeRgYgtb55C2qtqbORC0Q6x5419EDjWu4IT9kQfg==
  dependencies:
    jsep "^0.3.0"

ip@^1.1.5:
  version "1.1.5"
  resolved "https://registry.yarnpkg.com/ip/-/ip-1.1.5.tgz#bdded70114290828c0a039e72ef25f5aaec4354a"
  integrity sha1-vd7XARQpCCjAoDnnLvJfWq7ENUo=

jsep@^0.3.0:
  version "0.3.4"
  resolved "https://registry.yarnpkg.com/jsep/-/jsep-0.3.4.tgz#55ebd4400c5c5861cb1ff949a7a4cd97fcaacaa0"
  integrity sha512-ovGD9wE+wvudIIYxZGrRcZCxNyZ3Cl1N7Bzyp7/j4d/tA0BaUwcVM9bu0oZaSrefMiNwv6TwZ9X15gvZosteCQ==

lodash@^4.17.15:
  version "4.17.15"
  resolved "https://registry.yarnpkg.com/lodash/-/lodash-4.17.15.tgz#b447f6670a0455bbfeedd11392eff330ea097548"
  integrity sha512-8xOcRHvCjnocdS5cpwXQXVzmmh5e5+saE2QGoeQmbKmRS6J3VQppPOIt0MnmE+4xlZoumy0GPG0D0MVIQbNA1A==
